
Microsoft Visual Studio Solution File, Format Version 12.00
# Visual Studio 14
VisualStudioVersion = 14.0.24720.0
MinimumVisualStudioVersion = 10.0.40219.1
Project("{FAE04EC0-301F-11D3-BF4B-00C04F79EFBC}") = "01.ProductsInPriceRange", "01.ProductsInPriceRange\01.ProductsInPriceRange.csproj", "{C0BDE207-F5F0-477E-AE77-9E60A99429A8}"
EndProject
Project("{FAE04EC0-301F-11D3-BF4B-00C04F79EFBC}") = "02.StringEditor", "02.StringEditor\02.StringEditor.csproj", "{4D93E428-912C-47FE-B7CF-AC8C0315001B}"
EndProject
Project("{FAE04EC0-301F-11D3-BF4B-00C04F79EFBC}") = "03.FastSearchForStringsInTextFile", "03.FastSearchForStringsInTextFile\03.FastSearchForStringsInTextFile.csproj", "{0C3FB920-47AF-4673-9CCE-DD0BB18B82CA}"
EndProject
Global
	GlobalSection(SolutionConfigurationPlatforms) = preSolution
		Debug|Any CPU = Debug|Any CPU
		Release|Any CPU = Release|Any CPU
	EndGlobalSection
	GlobalSection(ProjectConfigurationPlatforms) = postSolution
		{C0BDE207-F5F0-477E-AE77-9E60A99429A8}.Debug|Any CPU.ActiveCfg = Debug|Any CPU
		{C0BDE207-F5F0-477E-AE77-9E60A99429A8}.Debug|Any CPU.Build.0 = Debug|Any CPU
		{C0BDE207-F5F0-477E-AE77-9E60A99429A8}.Release|Any CPU.ActiveCfg = Release|Any CPU
		{C0BDE207-F5F0-477E-AE77-9E60A99429A8}.Release|Any CPU.Build.0 = Release|Any CPU
		{4D93E428-912C-47FE-B7CF-AC8C0315001B}.Debug|Any CPU.ActiveCfg = Debug|Any CPU
		{4D93E428-912C-47FE-B7CF-AC8C0315001B}.Debug|Any CPU.Build.0 = Debug|Any CPU
		{4D93E428-912C-47FE-B7CF-AC8C0315001B}.Release|Any CPU.ActiveCfg = Release|Any CPU
		{4D93E428-912C-47FE-B7CF-AC8C0315001B}.Release|Any CPU.Build.0 = Release|Any CPU
		{0C3FB920-47AF-4673-9CCE-DD0BB18B82CA}.Debug|Any CPU.ActiveCfg = Debug|Any CPU
		{0C3FB920-47AF-4673-9CCE-DD0BB18B82CA}.Debug|Any CPU.Build.0 = Debug|Any CPU
		{0C3FB920-47AF-4673-9CCE-DD0BB18B82CA}.Release|Any CPU.ActiveCfg = Release|Any CPU
		{0C3FB920-47AF-4673-9CCE-DD0BB18B82CA}.Release|Any CPU.Build.0 = Release|Any CPU
	EndGlobalSection
	GlobalSection(SolutionProperties) = preSolution
		HideSolutionNode = FALSE
	EndGlobalSection
EndGlobal
